{
  "name": "mygamemode",
  "version": "1.0.0",
  "lockfileVersion": 1,
  "requires": true,
  "dependencies": {
    "@types/ragemp-s": {
      "version": "https://github.com/CocaColaBear/types-ragemp-s/tarball/master",
      "integrity": "sha512-nygwXj8vt0fehmok4jPArpTHGJUI53nF3U57tmR89MbrCZSkHNT9q0Vc84msLRikpbAySMwQ+BSL/gCM6lbrOg==",
      "dev": true
    },
    "require-all": {
      "version": "3.0.0",
      "resolved": "https://registry.npmjs.org/require-all/-/require-all-3.0.0.tgz",
      "integrity": "sha1-Rz1JcEvjEBFc4ST3c4Ox69hnExI="
    }
  }
}
